
Microsoft Visual Studio Solution File, Format Version 12.00
# Visual Studio Version 17
VisualStudioVersion = 17.11.35303.130
MinimumVisualStudioVersion = 10.0.40219.1
Project("{FAE04EC0-301F-11D3-BF4B-00C04F79EFBC}") = "Api_Farmacia", "Api_Farmacia\Api_Farmacia.csproj", "{3B8C565D-D07C-4759-A3AE-D123300F631D}"
EndProject
Global
	GlobalSection(SolutionConfigurationPlatforms) = preSolution
		Debug|Any CPU = Debug|Any CPU
		Release|Any CPU = Release|Any CPU
	EndGlobalSection
	GlobalSection(ProjectConfigurationPlatforms) = postSolution
		{3B8C565D-D07C-4759-A3AE-D123300F631D}.Debug|Any CPU.ActiveCfg = Debug|Any CPU
		{3B8C565D-D07C-4759-A3AE-D123300F631D}.Debug|Any CPU.Build.0 = Debug|Any CPU
		{3B8C565D-D07C-4759-A3AE-D123300F631D}.Release|Any CPU.ActiveCfg = Release|Any CPU
		{3B8C565D-D07C-4759-A3AE-D123300F631D}.Release|Any CPU.Build.0 = Release|Any CPU
	EndGlobalSection
	GlobalSection(SolutionProperties) = preSolution
		HideSolutionNode = FALSE
	EndGlobalSection
	GlobalSection(ExtensibilityGlobals) = postSolution
		SolutionGuid = {2AC48D73-6B70-4D53-8578-00BC845AEA78}
	EndGlobalSection
EndGlobal
